
Microsoft Visual Studio Solution File, Format Version 12.00
# Visual Studio Version 17
VisualStudioVersion = 17.14.36908.2 d17.14
MinimumVisualStudioVersion = 10.0.40219.1
Project("{FAE04EC0-301F-11D3-BF4B-00C04F79EFBC}") = "ConnectFour", "ConnectFour\ConnectFour.csproj", "{0EE076CA-E0D8-4955-98AB-5B6EAE1517B2}"
EndProject
Global
	GlobalSection(SolutionConfigurationPlatforms) = preSolution
		Debug|Any CPU = Debug|Any CPU
		Release|Any CPU = Release|Any CPU
	EndGlobalSection
	GlobalSection(ProjectConfigurationPlatforms) = postSolution
		{0EE076CA-E0D8-4955-98AB-5B6EAE1517B2}.Debug|Any CPU.ActiveCfg = Debug|Any CPU
		{0EE076CA-E0D8-4955-98AB-5B6EAE1517B2}.Debug|Any CPU.Build.0 = Debug|Any CPU
		{0EE076CA-E0D8-4955-98AB-5B6EAE1517B2}.Release|Any CPU.ActiveCfg = Release|Any CPU
		{0EE076CA-E0D8-4955-98AB-5B6EAE1517B2}.Release|Any CPU.Build.0 = Release|Any CPU
	EndGlobalSection
	GlobalSection(SolutionProperties) = preSolution
		HideSolutionNode = FALSE
	EndGlobalSection
	GlobalSection(ExtensibilityGlobals) = postSolution
		SolutionGuid = {D330A746-0066-46E3-B65A-7A6F01212E42}
	EndGlobalSection
EndGlobal
